
Microsoft Visual Studio Solution File, Format Version 12.00
# Visual Studio Version 17
VisualStudioVersion = 17.0.31903.59
MinimumVisualStudioVersion = 10.0.40219.1
Project("{FAE04EC0-301F-11D3-BF4B-00C04F79EFBC}") = "AfkRPG.Application", "AfkRPG.Application\AfkRPG.Application.csproj", "{5CB3F909-4F1B-4408-A965-854CC6E92B96}"
EndProject
Project("{FAE04EC0-301F-11D3-BF4B-00C04F79EFBC}") = "AfkRPG.Test", "AfkRPG.Test\AfkRPG.Test.csproj", "{896F9EEB-3EE6-49D4-94C4-20E3A46F7DB9}"
EndProject
Project("{FAE04EC0-301F-11D3-BF4B-00C04F79EFBC}") = "AfkRPG.Api", "AfkRPG.Api\AfkRPG.Api.csproj", "{95502984-90C7-4327-AB37-D35EFE3ECAFE}"
EndProject
Global
	GlobalSection(SolutionConfigurationPlatforms) = preSolution
		Debug|Any CPU = Debug|Any CPU
		Debug|x64 = Debug|x64
		Debug|x86 = Debug|x86
		Release|Any CPU = Release|Any CPU
		Release|x64 = Release|x64
		Release|x86 = Release|x86
	EndGlobalSection
	GlobalSection(ProjectConfigurationPlatforms) = postSolution
		{5CB3F909-4F1B-4408-A965-854CC6E92B96}.Debug|Any CPU.ActiveCfg = Debug|Any CPU
		{5CB3F909-4F1B-4408-A965-854CC6E92B96}.Debug|Any CPU.Build.0 = Debug|Any CPU
		{5CB3F909-4F1B-4408-A965-854CC6E92B96}.Debug|x64.ActiveCfg = Debug|Any CPU
		{5CB3F909-4F1B-4408-A965-854CC6E92B96}.Debug|x64.Build.0 = Debug|Any CPU
		{5CB3F909-4F1B-4408-A965-854CC6E92B96}.Debug|x86.ActiveCfg = Debug|Any CPU
		{5CB3F909-4F1B-4408-A965-854CC6E92B96}.Debug|x86.Build.0 = Debug|Any CPU
		{5CB3F909-4F1B-4408-A965-854CC6E92B96}.Release|Any CPU.ActiveCfg = Release|Any CPU
		{5CB3F909-4F1B-4408-A965-854CC6E92B96}.Release|Any CPU.Build.0 = Release|Any CPU
		{5CB3F909-4F1B-4408-A965-854CC6E92B96}.Release|x64.ActiveCfg = Release|Any CPU
		{5CB3F909-4F1B-4408-A965-854CC6E92B96}.Release|x64.Build.0 = Release|Any CPU
		{5CB3F909-4F1B-4408-A965-854CC6E92B96}.Release|x86.ActiveCfg = Release|Any CPU
		{5CB3F909-4F1B-4408-A965-854CC6E92B96}.Release|x86.Build.0 = Release|Any CPU
		{896F9EEB-3EE6-49D4-94C4-20E3A46F7DB9}.Debug|Any CPU.ActiveCfg = Debug|Any CPU
		{896F9EEB-3EE6-49D4-94C4-20E3A46F7DB9}.Debug|Any CPU.Build.0 = Debug|Any CPU
		{896F9EEB-3EE6-49D4-94C4-20E3A46F7DB9}.Debug|x64.ActiveCfg = Debug|Any CPU
		{896F9EEB-3EE6-49D4-94C4-20E3A46F7DB9}.Debug|x64.Build.0 = Debug|Any CPU
		{896F9EEB-3EE6-49D4-94C4-20E3A46F7DB9}.Debug|x86.ActiveCfg = Debug|Any CPU
		{896F9EEB-3EE6-49D4-94C4-20E3A46F7DB9}.Debug|x86.Build.0 = Debug|Any CPU
		{896F9EEB-3EE6-49D4-94C4-20E3A46F7DB9}.Release|Any CPU.ActiveCfg = Release|Any CPU
		{896F9EEB-3EE6-49D4-94C4-20E3A46F7DB9}.Release|Any CPU.Build.0 = Release|Any CPU
		{896F9EEB-3EE6-49D4-94C4-20E3A46F7DB9}.Release|x64.ActiveCfg = Release|Any CPU
		{896F9EEB-3EE6-49D4-94C4-20E3A46F7DB9}.Release|x64.Build.0 = Release|Any CPU
		{896F9EEB-3EE6-49D4-94C4-20E3A46F7DB9}.Release|x86.ActiveCfg = Release|Any CPU
		{896F9EEB-3EE6-49D4-94C4-20E3A46F7DB9}.Release|x86.Build.0 = Release|Any CPU
		{95502984-90C7-4327-AB37-D35EFE3ECAFE}.Debug|Any CPU.ActiveCfg = Debug|Any CPU
		{95502984-90C7-4327-AB37-D35EFE3ECAFE}.Debug|Any CPU.Build.0 = Debug|Any CPU
		{95502984-90C7-4327-AB37-D35EFE3ECAFE}.Debug|x64.ActiveCfg = Debug|Any CPU
		{95502984-90C7-4327-AB37-D35EFE3ECAFE}.Debug|x64.Build.0 = Debug|Any CPU
		{95502984-90C7-4327-AB37-D35EFE3ECAFE}.Debug|x86.ActiveCfg = Debug|Any CPU
		{95502984-90C7-4327-AB37-D35EFE3ECAFE}.Debug|x86.Build.0 = Debug|Any CPU
		{95502984-90C7-4327-AB37-D35EFE3ECAFE}.Release|Any CPU.ActiveCfg = Release|Any CPU
		{95502984-90C7-4327-AB37-D35EFE3ECAFE}.Release|Any CPU.Build.0 = Release|Any CPU
		{95502984-90C7-4327-AB37-D35EFE3ECAFE}.Release|x64.ActiveCfg = Release|Any CPU
		{95502984-90C7-4327-AB37-D35EFE3ECAFE}.Release|x64.Build.0 = Release|Any CPU
		{95502984-90C7-4327-AB37-D35EFE3ECAFE}.Release|x86.ActiveCfg = Release|Any CPU
		{95502984-90C7-4327-AB37-D35EFE3ECAFE}.Release|x86.Build.0 = Release|Any CPU
	EndGlobalSection
	GlobalSection(SolutionProperties) = preSolution
		HideSolutionNode = FALSE
	EndGlobalSection
EndGlobal
